version = 1
revision = 3
requires-python = "==3.12.*"

[[package]]
name = "absl-py"
version = "2.5.0"
source = { registry = "https://pypi.org/simple" }
sdist = { url = "https://files.pythonhosted.org/packages/d0/4f/d79676ab82f2e42fc3611618139f13a9c4c31d0cff4b486982047679a802/absl_py-2.5.0.tar.gz", hash = "sha256:0c996f25c0490700fadabe6351630f6111534fa0ae252cc6d2014ea3b141135f", size = 118119, upload-time = "2026-07-03T10:57:48.157Z" }
wheels = [
    { url = "https://files.pythonhosted.org/packages/58/0a/a10b45aab35b175aded078a462dc8d0c698f5b13946e7cb0869097b78bb6/absl_py-2.5.0-py3-none-any.whl", hash = "sha256:0f17b89f2a4eaaedc4f28c622998aa690564b3012a396a4ffad0821007fe03ba", size = 137410, upload-time = "2026-07-03T10:57:46.735Z" },
]

[[package]]
name = "etils"
version = "1.14.0"
source = { registry = "https://pypi.org/simple" }
sdist = { url = "https://files.pythonhosted.org/packages/26/ce/6e067242fde898841922ac6fc82b0bb2fe35c38e995880bdffdfbe30182a/etils-1.14.0.tar.gz", hash = "sha256:8136e7f4c4173cd0af0ca5481c4475152f0b8686192951eefa60ee8711e1ede4", size = 108127, upload-time = "2026-03-04T17:41:36.291Z" }
wheels = [
    { url = "https://files.pythonhosted.org/packages/5a/3d/589663aeeacd59bb2f3e8596bfd3e81cf0fb18d70bb433199041f469771b/etils-1.14.0-py3-none-any.whl", hash = "sha256:b5df7341f54dbe1405a4450b2741207b4a8c279780402b45f87202b94dfc52b4", size = 172934, upload-time = "2026-03-04T17:41:35.01Z" },
]

[package.optional-dependencies]
epath = [
    { name = "fsspec" },
    { name = "typing-extensions" },
    { name = "zipp" },
]

[[package]]
name = "fsspec"
version = "2026.7.0"
source = { registry = "https://pypi.org/simple" }
sdist = { url = "https://files.pythonhosted.org/packages/00/78/f34251dadb8f3921264a1d9b8946f5e542014ee2614b285261b4e40e6775/fsspec-2026.7.0.tar.gz", hash = "sha256:c803c40f4cf860b49dea58ee3e1c33cb9c790520e233537e1340049f89b82a88", size = 317040, upload-time = "2026-07-28T16:34:51.052Z" }
wheels = [
    { url = "https://files.pythonhosted.org/packages/fd/3c/6a2bf344106328fd04963664a60b9bb6496fc25df8e962fcdc1367285fb9/fsspec-2026.7.0-py3-none-any.whl", hash = "sha256:b57ddbafedfaef7018c1ecab32aa200a9d7ca26b77965f64e48b70061249d279", size = 206583, upload-time = "2026-07-28T16:34:49.538Z" },
]

[[package]]
name = "glfw"
version = "2.10.2"
source = { registry = "https://pypi.org/simple" }
sdist = { url = "https://files.pythonhosted.org/packages/0f/62/096058bcb4b4fb28f7ecd28fb048f07969d90b243c417af5f6d09d45a0c2/glfw-2.10.2.tar.gz", hash = "sha256:5d2cf97c66bc42a6b583be0e307eae5a3945438322e2ed0c5e4f14dc251d693d", size = 36307, upload-time = "2026-07-21T14:42:36.732Z" }
wheels = [
    { url = "https://files.pythonhosted.org/packages/c4/80/5e575ec14f54dc0a644e7215985b9ee7c5044fcc3594d6b83dfdeb04ccd4/glfw-2.10.2-py2.py3-none-macosx_10_6_intel.whl", hash = "sha256:a04d25bb535a3a29e173ea1abd658e161681b5d3816e00bc51c122f74cd7fa3a", size = 110295, upload-time = "2026-07-21T14:42:25.625Z" },
    { url = "https://files.pythonhosted.org/packages/e5/2e/22216db429690aa51fa87d2e2b5e6b610c5a37b9df7768da2927f52f8704/glfw-2.10.2-py2.py3-none-macosx_11_0_arm64.whl", hash = "sha256:c000b8a5e5fb4374b2c18d12347255ccb92001b9bcf80ef74c56072acbb98fe3", size = 107146, upload-time = "2026-07-21T14:42:26.854Z" },
    { url = "https://files.pythonhosted.org/packages/75/a4/9ccee9d5c3b9c5d6bafce3e8d53ab8318eff30124e3c19b95580bebaa6d4/glfw-2.10.2-py2.py3-none-manylinux2014_aarch64.whl", hash = "sha256:0ffe2b48b51f37b05e8f027f57c0b8cd213affaf22fc83401bd9621692d4c6c8", size = 235005, upload-time = "2026-07-21T14:42:27.955Z" },
    { url = "https://files.pythonhosted.org/packages/77/44/37aeed50c581c76e1c5bb83b696a06f98f8ecc979ed8564dde3eef908e8b/glfw-2.10.2-py2.py3-none-manylinux2014_x86_64.whl", hash = "sha256:82daf1f87b2a48815637dc6f6720d4a55a57ba1d3683322dc20dc28065754f97", size = 246951, upload-time = "2026-07-21T14:42:29.107Z" },
    { url = "https://files.pythonhosted.org/packages/52/fc/29b4f1a8c8e33d8934781330a0845458b01da7f389d9fe6a3350e752b7f3/glfw-2.10.2-py2.py3-none-manylinux_2_28_aarch64.whl", hash = "sha256:7604425ec95665cc6a25c3ed7d07e9660d394a34472ceffaec0843c844e7b649", size = 236018, upload-time = "2026-07-21T14:42:30.623Z" },
    { url = "https://files.pythonhosted.org/packages/69/84/1b98671314ea5f40397586b6cd14db913de3196333be558fdc177e61708f/glfw-2.10.2-py2.py3-none-manylinux_2_28_x86_64.whl", hash = "sha256:b860de3ca0686182483f98f3ddd12e660acf25b3e0d521450ec9a3f999f72a65", size = 248490, upload-time = "2026-07-21T14:42:32.377Z" },
    { url = "https://files.pythonhosted.org/packages/12/d9/bd2e6c8dbadcf69fcd2289705e75881258b46221c196903a52e9f6e97322/glfw-2.10.2-py2.py3-none-win32.whl", hash = "sha256:a94aefe8c48886fd83cd6e11e936846166a4b5b94abf1f4bf599d984774b0b1b", size = 557654, upload-time = "2026-07-21T14:42:33.903Z" },
    { url = "https://files.pythonhosted.org/packages/e0/6c/4ca5f3ab85a8d7f612ce857208726e9b834e54e559751e3d4f98cc2f7509/glfw-2.10.2-py2.py3-none-win_amd64.whl", hash = "sha256:15fd0666cd8f1b0ecb535c3abb712b8ddda053bf8d16de2353b1c6ced0e65402", size = 564433, upload-time = "2026-07-21T14:42:35.465Z" },
]

[[package]]
name = "imageio-ffmpeg"
version = "0.6.0"
source = { registry = "https://pypi.org/simple" }
sdist = { url = "https://files.pythonhosted.org/packages/44/bd/c3343c721f2a1b0c9fc71c1aebf1966a3b7f08c2eea8ed5437a2865611d6/imageio_ffmpeg-0.6.0.tar.gz", hash = "sha256:e2556bed8e005564a9f925bb7afa4002d82770d6b08825078b7697ab88ba1755", size = 25210, upload-time = "2025-01-16T21:34:32.747Z" }
wheels = [
    { url = "https://files.pythonhosted.org/packages/da/58/87ef68ac83f4c7690961bce288fd8e382bc5f1513860fc7f90a9c1c1c6bf/imageio_ffmpeg-0.6.0-py3-none-macosx_10_9_intel.macosx_10_9_x86_64.whl", hash = "sha256:9d2baaf867088508d4a3458e61eeb30e945c4ad8016025545f66c4b5aaef0a61", size = 24932969, upload-time = "2025-01-16T21:34:20.464Z" },
    { url = "https://files.pythonhosted.org/packages/40/5c/f3d8a657d362cc93b81aab8feda487317da5b5d31c0e1fdfd5e986e55d17/imageio_ffmpeg-0.6.0-py3-none-macosx_11_0_arm64.whl", hash = "sha256:b1ae3173414b5fc5f538a726c4e48ea97edc0d2cdc11f103afee655c463fa742", size = 21113891, upload-time = "2025-01-16T21:34:00.277Z" },
    { url = "https://files.pythonhosted.org/packages/33/e7/1925bfbc563c39c1d2e82501d8372734a5c725e53ac3b31b4c2d081e895b/imageio_ffmpeg-0.6.0-py3-none-manylinux2014_aarch64.whl", hash = "sha256:1d47bebd83d2c5fc770720d211855f208af8a596c82d17730aa51e815cdee6dc", size = 25632706, upload-time = "2025-01-16T21:33:53.475Z" },
    { url = "https://files.pythonhosted.org/packages/a0/2d/43c8522a2038e9d0e7dbdf3a61195ecc31ca576fb1527a528c877e87d973/imageio_ffmpeg-0.6.0-py3-none-manylinux2014_x86_64.whl", hash = "sha256:c7e46fcec401dd990405049d2e2f475e2b397779df2519b544b8aab515195282", size = 29498237, upload-time = "2025-01-16T21:34:13.726Z" },
    { url = "https://files.pythonhosted.org/packages/a0/13/59da54728351883c3c1d9fca1710ab8eee82c7beba585df8f25ca925f08f/imageio_ffmpeg-0.6.0-py3-none-win32.whl", hash = "sha256:196faa79366b4a82f95c0f4053191d2013f4714a715780f0ad2a68ff37483cc2", size = 19652251, upload-time = "2025-01-16T21:34:06.812Z" },
    { url = "https://files.pythonhosted.org/packages/2c/c6/fa760e12a2483469e2bf5058c5faff664acf66cadb4df2ad6205b016a73d/imageio_ffmpeg-0.6.0-py3-none-win_amd64.whl", hash = "sha256:02fa47c83703c37df6bfe4896aab339013f62bf02c5ebf2dce6da56af04ffc0a", size = 31246824, upload-time = "2025-01-16T21:34:28.6Z" },
]

[[package]]
name = "imgui-bundle"
version = "1.92.801"
source = { registry = "https://pypi.org/simple" }
sdist = { url = "https://files.pythonhosted.org/packages/c1/b9/4217165c5fa832dbe662c2d96f0810aa7280eb2cc3bcae2b7ac4260e3f08/imgui_bundle-1.92.801.tar.gz", hash = "sha256:7d790708affe7476969d397784b40eb91760a201ce752131e5bedf4d514e3a45", size = 48343289, upload-time = "2026-05-13T13:34:13.972Z" }
wheels = [
    { url = "https://files.pythonhosted.org/packages/0e/6e/6c3410fe48ff09e1a37d122e57177e1ea4a2eed0728f2650cb3f68cc2c84/imgui_bundle-1.92.801-cp312-cp312-macosx_14_0_arm64.whl", hash = "sha256:bab99cc3f65febca9fdc58b62ebdd57a387ab5ae1b2923b9734ad23bfb5af8bd", size = 10160297, upload-time = "2026-05-13T13:33:09.037Z" },
    { url = "https://files.pythonhosted.org/packages/d2/fb/ade9538a47d8ace618cebd447de2d7c2c540a03eede908fb800f54ca9b76/imgui_bundle-1.92.801-cp312-cp312-manylinux_2_28_aarch64.whl", hash = "sha256:a325c52ab7bf13db0be807c8bcdce333f6c8233ef230cdc2c216b42392e04f42", size = 12239382, upload-time = "2026-05-13T13:33:12.226Z" },
    { url = "https://files.pythonhosted.org/packages/17/c4/4ff13f08b54c0acb804b549a130b9c35491be04aa333b8cd1cc5197d9738/imgui_bundle-1.92.801-cp312-cp312-manylinux_2_28_x86_64.whl", hash = "sha256:236821210d1afad1db51a01a54149a346040866e288cf42429208693b63fc686", size = 13337854, upload-time = "2026-05-13T13:33:15.283Z" },
    { url = "https://files.pythonhosted.org/packages/d9/43/0429c1cd9b55912b67fa7dec8ce4bfeb18412a2a95e70f6e8449c93e241f/imgui_bundle-1.92.801-cp312-cp312-musllinux_1_2_aarch64.whl", hash = "sha256:7ce5d9f5240fb37134d8f93bde3466d8b2dc1b7461166d8db7b4e88beeb9864a", size = 13292818, upload-time = "2026-05-13T13:33:18.461Z" },
    { url = "https://files.pythonhosted.org/packages/fc/51/ac98270731facf697f1dd867a8e5cec651651c487f1c8ceba888c695561b/imgui_bundle-1.92.801-cp312-cp312-musllinux_1_2_x86_64.whl", hash = "sha256:bdba78cc0383648dbce5784131c7f3ebcf7c9be2114f33096c67d0987ed5ba2f", size = 14198585, upload-time = "2026-05-13T13:33:21.63Z" },
    { url = "https://files.pythonhosted.org/packages/20/e8/2dd88ec1d8e4557b04b2393b545cbaa74138eaae03a394eb790ca19030cd/imgui_bundle-1.92.801-cp312-cp312-win_amd64.whl", hash = "sha256:266518a51510d5a37168a5ab156fb116424b141eb8fc21cbfd6f659b7245f40b", size = 11219820, upload-time = "2026-05-13T13:33:24.852Z" },
    { url = "https://files.pythonhosted.org/packages/b1/c8/2bef9dfab0a295bf95ca1104406e1337affd96b95749fc8da4dfd88844d8/imgui_bundle-1.92.801-cp312-cp312-win_arm64.whl", hash = "sha256:c199f36e85f2953ad1f618e18e68580b4c00dc8ec90a0d0823d22b1ee9a78621", size = 10730354, upload-time = "2026-05-13T13:33:27.697Z" },
]

[[package]]
name = "mujoco"
version = "3.10.0"
source = { registry = "https://pypi.org/simple" }
dependencies = [
    { name = "absl-py" },
    { name = "etils", extra = ["epath"] },
    { name = "glfw" },
    { name = "numpy" },
    { name = "pyopengl" },
]
sdist = { url = "https://files.pythonhosted.org/packages/a2/3b/c76837b7fdb007f7605ff783689a0bd23a5a49b065928bec2f1fa7ea3d67/mujoco-3.10.0.tar.gz", hash = "sha256:c9e8d5d87d82204ed5bccc87d843c0a53e75aaf381de2938ec46d04f1ac6e24e", size = 1094987, upload-time = "2026-06-22T17:40:59.904Z" }
wheels = [
    { url = "https://files.pythonhosted.org/packages/03/a2/4dd9f4cec6ce92f836a8b2de1cc799c4458af1467d7a044ef8014217bdb4/mujoco-3.10.0-cp312-cp312-macosx_10_16_x86_64.whl", hash = "sha256:47d4a22b7667c60e24e7ef6acb027c13abe9abba9acf17cc8db6fb250ba275ea", size = 7772567, upload-time = "2026-06-22T17:40:16.539Z" },
    { url = "https://files.pythonhosted.org/packages/5d/7d/ebe5342c136de27e0c430ba781f829df2cd66c00ed22627c1964fbd5d7fe/mujoco-3.10.0-cp312-cp312-macosx_11_0_arm64.whl", hash = "sha256:a4d35e9d0b13ff9ad3196294a7dac363f1d0cdaa988832d0b687d42d98f4ee29", size = 19380823, upload-time = "2026-06-22T17:40:19.211Z" },
    { url = "https://files.pythonhosted.org/packages/d8/5d/43d1b2b9fe97676e5af03020e132ac497b45a0333a4c61de657d0d52170a/mujoco-3.10.0-cp312-cp312-manylinux_2_27_aarch64.manylinux_2_28_aarch64.whl", hash = "sha256:cb7f0d7c148a588f3633020807fc0ec3f3a9aff1f647406e3e0ffe96b05dfd57", size = 19705628, upload-time = "2026-06-22T17:40:22.549Z" },
    { url = "https://files.pythonhosted.org/packages/c3/11/c69199e4123935f98068ab6ab6b35955b4de0f6a91d3f9883805a5789394/mujoco-3.10.0-cp312-cp312-manylinux_2_27_x86_64.manylinux_2_28_x86_64.whl", hash = "sha256:966d12f88e77e2b188e7530667b519d6963b9b906cff83bab534e5e4279325a0", size = 20904309, upload-time = "2026-06-22T17:40:25.861Z" },
    { url = "https://files.pythonhosted.org/packages/47/13/07bf2550c7dcd69ee8c7fd1f5c400a4ba2e4ede0a29a463ad3ac4cc9da90/mujoco-3.10.0-cp312-cp312-win_amd64.whl", hash = "sha256:708edb5aceee96f2767b1072641523060043b2c67000e39e6e9797addf073696", size = 17865123, upload-time = "2026-06-22T17:40:28.996Z" },
]

[[package]]
name = "mujoco-warp"
version = "3.10.0.3"
source = { registry = "https://pypi.org/simple" }
dependencies = [
    { name = "absl-py" },
    { name = "etils", extra = ["epath"] },
    { name = "mujoco" },
    { name = "numpy" },
    { name = "warp-lang" },
]
sdist = { url = "https://files.pythonhosted.org/packages/4f/02/1687ee928ea468345546af79dcfd65da9cd5840e16d1e71a244223494e54/mujoco_warp-3.10.0.3.tar.gz", hash = "sha256:f22196465cb1350677f66d8b65aa23bf37d95e150ce3ba3c68ea934ba35e3070", size = 2074757, upload-time = "2026-07-22T15:28:01.367Z" }
wheels = [
    { url = "https://files.pythonhosted.org/packages/9c/a1/a8e616daafb219fccc2d23367894d305e442e2e18bc5e0dd855d9986d979/mujoco_warp-3.10.0.3-py3-none-any.whl", hash = "sha256:9435e5d6a7061af32aecc8da38124bfccceea27fc85176b33b66b7c4b76b4c1a", size = 2152650, upload-time = "2026-07-22T15:27:59.463Z" },
]

[[package]]
name = "newton"
version = "1.4.0"
source = { registry = "https://pypi.org/simple" }
dependencies = [
    { name = "warp-lang" },
]
wheels = [
    { url = "https://files.pythonhosted.org/packages/bf/67/28a76c50304d62dc9a9ec9a142e14f1a3156c77c0df778fc3918d0e47d8f/newton-1.4.0-py3-none-any.whl", hash = "sha256:0e11343cc51b86647d9afcd191a21ca4d0d5e410d84072a60ef84af908c72577", size = 5124026, upload-time = "2026-07-16T15:54:10.484Z" },
]

[[package]]
name = "newton-test-runner"
version = "0.1.0"
source = { editable = "." }
dependencies = [
    { name = "imageio-ffmpeg" },
    { name = "imgui-bundle" },
    { name = "mujoco" },
    { name = "mujoco-warp" },
    { name = "newton" },
    { name = "newton-usd-schemas" },
    { name = "pillow" },
    { name = "pyglet" },
    { name = "trimesh" },
    { name = "usd-core" },
    { name = "warp-lang" },
]

[package.dev-dependencies]
dev = [
    { name = "pyyaml" },
]

[package.metadata]
requires-dist = [
    { name = "imageio-ffmpeg", specifier = "==0.6.0" },
    { name = "imgui-bundle", specifier = "==1.92.801" },
    { name = "mujoco", specifier = "==3.10.0" },
    { name = "mujoco-warp", specifier = "==3.10.0.3" },
    { name = "newton", specifier = "==1.4.0" },
    { name = "newton-usd-schemas", specifier = "==0.4.0" },
    { name = "pillow", specifier = "==12.3.0" },
    { name = "pyglet", specifier = "==2.1.15" },
    { name = "trimesh", specifier = "==4.12.2" },
    { name = "usd-core", specifier = "==26.3" },
    { name = "warp-lang", specifier = "==1.15.0" },
]

[package.metadata.requires-dev]
dev = [{ name = "pyyaml", specifier = "==6.0.3" }]

[[package]]
name = "newton-usd-schemas"
version = "0.4.0"
source = { registry = "https://pypi.org/simple" }
sdist = { url = "https://files.pythonhosted.org/packages/dd/12/a837c15d0ab7c8d89e67ff11fd0d071446f016ae5ff15b06b14baf5715db/newton_usd_schemas-0.4.0.tar.gz", hash = "sha256:d2706f90fdda1f1bbf66198fe41e3f4a9d3d78f86694cd882f5db4b3981383f3", size = 68824, upload-time = "2026-07-03T17:45:28.82Z" }
wheels = [
    { url = "https://files.pythonhosted.org/packages/8d/b5/82058bdb0c64c94953d77010558700d14666ff577de2ca7e8daf8c59b306/newton_usd_schemas-0.4.0-py3-none-any.whl", hash = "sha256:212182de78191fed320631bf38b02a62467ddf77d5f43672b11758bcf2d86e47", size = 19333, upload-time = "2026-07-03T17:45:27.573Z" },
]

[[package]]
name = "numpy"
version = "2.5.1"
source = { registry = "https://pypi.org/simple" }
sdist = { url = "https://files.pythonhosted.org/packages/22/fd/89965aa4ac08c74998539fcbf24fa3540f3e15237fbeb6bcf9c908f4aade/numpy-2.5.1.tar.gz", hash = "sha256:a48a113e6afea91f5608793bafa7ef2ad481fefbda87ec5069f483de61cb9fa3", size = 20755553, upload-time = "2026-07-04T17:08:00.933Z" }
wheels = [
    { url = "https://files.pythonhosted.org/packages/62/7b/14687aa674250e5e546f616f486b0d56d3631cd5b2415739141ce40bdcea/numpy-2.5.1-cp312-cp312-macosx_10_13_x86_64.whl", hash = "sha256:2c889b56fe48b1018f764b0eec8df59ab654e9148aa91faa12596043500de277", size = 16801574, upload-time = "2026-07-04T17:06:12.423Z" },
    { url = "https://files.pythonhosted.org/packages/e1/19/cc5bb2a3f2913d27d6dbb2c78d25921fabaedc6741d4a5a615a11f3c5bf3/numpy-2.5.1-cp312-cp312-macosx_11_0_arm64.whl", hash = "sha256:ab451b59c5643c570974c43aef780703ef1d3b4965d2be07afd530615a9358d1", size = 11772250, upload-time = "2026-07-04T17:06:15.726Z" },
    { url = "https://files.pythonhosted.org/packages/42/77/fdf34a71dd30f54979b18603bee915e0aaf825b07afe79acd60b04b691e2/numpy-2.5.1-cp312-cp312-macosx_14_0_arm64.whl", hash = "sha256:78798bd5b9ad744056af8efa90e3b9ddaa53272a0848a483084a1cc0a13b2dc0", size = 5331516, upload-time = "2026-07-04T17:06:17.913Z" },
    { url = "https://files.pythonhosted.org/packages/ce/e2/eb7efa015b4cce41e2517bf182a7fce0d7d5b9d9ed76a29bfa0f4fe4505c/numpy-2.5.1-cp312-cp312-macosx_14_0_x86_64.whl", hash = "sha256:2ae0ca40bcb22d6ba59c1dfd5446f49940b0f2d821fde133f10dda11f816b84e", size = 6664863, upload-time = "2026-07-04T17:06:20.02Z" },
    { url = "https://files.pythonhosted.org/packages/a9/4b/a2b32dd94ee9ffbeecb28152240042a3949db33b1c834d44090b80e1b3b8/numpy-2.5.1-cp312-cp312-manylinux_2_27_aarch64.manylinux_2_28_aarch64.whl", hash = "sha256:61ac47e772e6b8ea489e1d2f441a34c5c3ac17327e7ce294cbdf535795ad4e75", size = 15167977, upload-time = "2026-07-04T17:06:21.621Z" },
    { url = "https://files.pythonhosted.org/packages/b8/a9/6e73d68500f80773f65f0654ea932019d6694329a0eb0ed0533de38df376/numpy-2.5.1-cp312-cp312-manylinux_2_27_x86_64.manylinux_2_28_x86_64.whl", hash = "sha256:59fda5e192b570217ec2580c96f00e9a7e12ef6866a900eb089b62c1a32545ca", size = 16672469, upload-time = "2026-07-04T17:06:24.064Z" },
    { url = "https://files.pythonhosted.org/packages/24/7d/ad3e59015135f5261c95fd4cafeff159c955febd83a99a1d9250c4233815/numpy-2.5.1-cp312-cp312-musllinux_1_2_aarch64.whl", hash = "sha256:f7119ebff1a9829e9f431a4f9d28e703023bb6b9fe7c8f724467dbfc27c94ab3", size = 16527531, upload-time = "2026-07-04T17:06:26.69Z" },
    { url = "https://files.pythonhosted.org/packages/83/d0/a39b2fbcde9cb17a1dac678f254b33a6336298af9df338824c685425d5e8/numpy-2.5.1-cp312-cp312-musllinux_1_2_x86_64.whl", hash = "sha256:e824c2acf8862052246be5a44c15da1777940c60d010dd2aab897824d9c430f9", size = 18431940, upload-time = "2026-07-04T17:06:29.521Z" },
    { url = "https://files.pythonhosted.org/packages/04/12/cff070947791c1ed425ff76413189adbdc2fbe215eba7ce7fa454a03c7f8/numpy-2.5.1-cp312-cp312-win32.whl", hash = "sha256:08d60c810432eb83360958dea0999ac4cfb94531ea8efcbf0b7f277c2068aeb2", size = 6066764, upload-time = "2026-07-04T17:06:32.571Z" },
    { url = "https://files.pythonhosted.org/packages/65/66/53f31807a48a750f9d748da273bc3fcedd12b27ff1f3e373bfec55ef2dc0/numpy-2.5.1-cp312-cp312-win_amd64.whl", hash = "sha256:f7d60026c0bdb1380e83bfa7a0419c4577ee4b9a08880afcb6dadeb74c649fa2", size = 12430966, upload-time = "2026-07-04T17:06:34.926Z" },
    { url = "https://files.pythonhosted.org/packages/2b/2a/d1a88066b1c14186f5d3c0d18c94f17b064511982bab0578d49ee9d43c29/numpy-2.5.1-cp312-cp312-win_arm64.whl", hash = "sha256:17a25e09640602e10bc8de0e6fa2b3fd68eedd84ba6d7842dc8f32f9ab87bd0b", size = 10350488, upload-time = "2026-07-04T17:06:37.785Z" },
]

[[package]]
name = "pillow"
version = "12.3.0"
source = { registry = "https://pypi.org/simple" }
sdist = { url = "https://files.pythonhosted.org/packages/1c/3d/bb7fca845737cf9d7dbde16ed1843984665ff2e0a518f5db43e77ec540b9/pillow-12.3.0.tar.gz", hash = "sha256:3b8182a766685eaa002637e28b4ec8d6b18819a0c71f579bf0dbaa5830297cce", size = 47025035, upload-time = "2026-07-01T11:56:38.965Z" }
wheels = [
    { url = "https://files.pythonhosted.org/packages/37/bf/fb3ebff8ddcb76aac5a01389251bbbb9519922a9b520d8247c1ca864a25d/pillow-12.3.0-cp312-cp312-macosx_10_13_x86_64.whl", hash = "sha256:ba09209fbe443b4acccebe845d8a138b89a8f4fbaeedd44953490b5315d5e965", size = 5345969, upload-time = "2026-07-01T11:54:06.397Z" },
    { url = "https://files.pythonhosted.org/packages/d8/66/9a386a92561f402389a4fc70c18838bf6d35eb5eb5c6850b4b2dc64f5048/pillow-12.3.0-cp312-cp312-macosx_11_0_arm64.whl", hash = "sha256:ffd0c5368496f41b0944be820fcb7a838aa6e623d250b01acf2643939c3f99d7", size = 4780323, upload-time = "2026-07-01T11:54:09.351Z" },
    { url = "https://files.pythonhosted.org/packages/25/27/ac8f99618ffd3dde21db0f4d4b1d2ab00c0880595bfd17df103f7f39fd0c/pillow-12.3.0-cp312-cp312-manylinux_2_27_aarch64.manylinux_2_28_aarch64.whl", hash = "sha256:d9c7f76c0673154f044e9d78c8655fb4213f6ca31a836df48b40fe5d187717b9", size = 6266838, upload-time = "2026-07-01T11:54:11.71Z" },
    { url = "https://files.pythonhosted.org/packages/84/21/a35af28dcc61f37ed850a2d64c65c701321dfbf25085e469d5559360cbbf/pillow-12.3.0-cp312-cp312-manylinux_2_27_x86_64.manylinux_2_28_x86_64.whl", hash = "sha256:78cb2c6865a35ab8ff8b75fd122f6033b92a62c82801110e48ddd6c936a45d91", size = 6940830, upload-time = "2026-07-01T11:54:13.732Z" },
    { url = "https://files.pythonhosted.org/packages/eb/51/8b08617af3ad95e33ce6d7dd2c99ed6c8298f7fb131636303956be022e25/pillow-12.3.0-cp312-cp312-musllinux_1_2_aarch64.whl", hash = "sha256:e491916b378fba47242221bb9ead245211b70d504f495d105d17b14a24b4907c", size = 6344383, upload-time = "2026-07-01T11:54:15.756Z" },
    { url = "https://files.pythonhosted.org/packages/1d/72/cf78ac9780bb93c28328f408973845a309d4d145041665f734572ced1b52/pillow-12.3.0-cp312-cp312-musllinux_1_2_x86_64.whl", hash = "sha256:0dd2064cbc55aaec028ef5fbb60fa47bb6c3e7918e07ff17935284b227a9d2df", size = 7052934, upload-time = "2026-07-01T11:54:17.721Z" },
    { url = "https://files.pythonhosted.org/packages/20/20/25e0f4dc178a6bc0696793720055519a0de89e7661dae886992decbd2f81/pillow-12.3.0-cp312-cp312-win32.whl", hash = "sha256:dbce0b29841537a2fa4a214c2bbf14de3587c9680caa9b4e217568472490b28f", size = 6472684, upload-time = "2026-07-01T11:54:19.839Z" },
    { url = "https://files.pythonhosted.org/packages/45/89/da2f7971a317f83d807fdd4065c0af40208e59e692cc43d315a71a0e96d1/pillow-12.3.0-cp312-cp312-win_amd64.whl", hash = "sha256:a2b55dd6b2a4c4b7d87ffa56bdb33fdc5fdb9a462173861a7bc097f17d91cb09", size = 7227137, upload-time = "2026-07-01T11:54:22.025Z" },
    { url = "https://files.pythonhosted.org/packages/de/47/4845a0a6c0dbf1db8456bd9fc791f13c5ced7ced20606d08a0aacfd25b49/pillow-12.3.0-cp312-cp312-win_arm64.whl", hash = "sha256:331b624368d4f1d069149002f25f44bc61c8919ce8ddb3c45bdad8f6e2d89510", size = 2568267, upload-time = "2026-07-01T11:54:24.051Z" },
]

[[package]]
name = "pyglet"
version = "2.1.15"
source = { registry = "https://pypi.org/simple" }
sdist = { url = "https://files.pythonhosted.org/packages/26/ee/5caebffaf0345e5ccf342c30605898bd07654cee626154f7af2e465cc81c/pyglet-2.1.15.tar.gz", hash = "sha256:0ef34fe730808a97e48c24dd6ed4ff614024b980955ed8dbc2dd01ededaa08cb", size = 6597005, upload-time = "2026-06-28T11:39:09.98Z" }
wheels = [
    { url = "https://files.pythonhosted.org/packages/1e/a8/9a203001fa496934708baf6cadc54b62e453f1256d5d88589c71019dd751/pyglet-2.1.15-py3-none-any.whl", hash = "sha256:8709131baf5e96c496d38197ff9f9207ad06f273c9694570008b145c58bf51ae", size = 1036800, upload-time = "2026-06-28T11:39:04.717Z" },
]

[[package]]
name = "pyopengl"
version = "3.1.10"
source = { registry = "https://pypi.org/simple" }
sdist = { url = "https://files.pythonhosted.org/packages/6f/16/912b7225d56284859cd9a672827f18be43f8012f8b7b932bc4bd959a298e/pyopengl-3.1.10.tar.gz", hash = "sha256:c4a02d6866b54eb119c8e9b3fb04fa835a95ab802dd96607ab4cdb0012df8335", size = 1915580, upload-time = "2025-08-18T02:33:01.76Z" }
wheels = [
    { url = "https://files.pythonhosted.org/packages/de/e4/1ba6f44e491c4eece978685230dde56b14d51a0365bc1b774ddaa94d14cd/pyopengl-3.1.10-py3-none-any.whl", hash = "sha256:794a943daced39300879e4e47bd94525280685f42dbb5a998d336cfff151d74f", size = 3194996, upload-time = "2025-08-18T02:32:59.902Z" },
]

[[package]]
name = "pyyaml"
version = "6.0.3"
source = { registry = "https://pypi.org/simple" }
sdist = { url = "https://files.pythonhosted.org/packages/05/8e/961c0007c59b8dd7729d542c61a4d537767a59645b82a0b521206e1e25c2/pyyaml-6.0.3.tar.gz", hash = "sha256:d76623373421df22fb4cf8817020cbb7ef15c725b9d5e45f17e189bfc384190f", size = 130960, upload-time = "2025-09-25T21:33:16.546Z" }
wheels = [
    { url = "https://files.pythonhosted.org/packages/d1/33/422b98d2195232ca1826284a76852ad5a86fe23e31b009c9886b2d0fb8b2/pyyaml-6.0.3-cp312-cp312-macosx_10_13_x86_64.whl", hash = "sha256:7f047e29dcae44602496db43be01ad42fc6f1cc0d8cd6c83d342306c32270196", size = 182063, upload-time = "2025-09-25T21:32:11.445Z" },
    { url = "https://files.pythonhosted.org/packages/89/a0/6cf41a19a1f2f3feab0e9c0b74134aa2ce6849093d5517a0c550fe37a648/pyyaml-6.0.3-cp312-cp312-macosx_11_0_arm64.whl", hash = "sha256:fc09d0aa354569bc501d4e787133afc08552722d3ab34836a80547331bb5d4a0", size = 173973, upload-time = "2025-09-25T21:32:12.492Z" },
    { url = "https://files.pythonhosted.org/packages/ed/23/7a778b6bd0b9a8039df8b1b1d80e2e2ad78aa04171592c8a5c43a56a6af4/pyyaml-6.0.3-cp312-cp312-manylinux2014_aarch64.manylinux_2_17_aarch64.manylinux_2_28_aarch64.whl", hash = "sha256:9149cad251584d5fb4981be1ecde53a1ca46c891a79788c0df828d2f166bda28", size = 775116, upload-time = "2025-09-25T21:32:13.652Z" },
    { url = "https://files.pythonhosted.org/packages/65/30/d7353c338e12baef4ecc1b09e877c1970bd3382789c159b4f89d6a70dc09/pyyaml-6.0.3-cp312-cp312-manylinux2014_s390x.manylinux_2_17_s390x.manylinux_2_28_s390x.whl", hash = "sha256:5fdec68f91a0c6739b380c83b951e2c72ac0197ace422360e6d5a959d8d97b2c", size = 844011, upload-time = "2025-09-25T21:32:15.21Z" },
    { url = "https://files.pythonhosted.org/packages/8b/9d/b3589d3877982d4f2329302ef98a8026e7f4443c765c46cfecc8858c6b4b/pyyaml-6.0.3-cp312-cp312-manylinux2014_x86_64.manylinux_2_17_x86_64.manylinux_2_28_x86_64.whl", hash = "sha256:ba1cc08a7ccde2d2ec775841541641e4548226580ab850948cbfda66a1befcdc", size = 807870, upload-time = "2025-09-25T21:32:16.431Z" },
    { url = "https://files.pythonhosted.org/packages/05/c0/b3be26a015601b822b97d9149ff8cb5ead58c66f981e04fedf4e762f4bd4/pyyaml-6.0.3-cp312-cp312-musllinux_1_2_aarch64.whl", hash = "sha256:8dc52c23056b9ddd46818a57b78404882310fb473d63f17b07d5c40421e47f8e", size = 761089, upload-time = "2025-09-25T21:32:17.56Z" },
    { url = "https://files.pythonhosted.org/packages/be/8e/98435a21d1d4b46590d5459a22d88128103f8da4c2d4cb8f14f2a96504e1/pyyaml-6.0.3-cp312-cp312-musllinux_1_2_x86_64.whl", hash = "sha256:41715c910c881bc081f1e8872880d3c650acf13dfa8214bad49ed4cede7c34ea", size = 790181, upload-time = "2025-09-25T21:32:18.834Z" },
    { url = "https://files.pythonhosted.org/packages/74/93/7baea19427dcfbe1e5a372d81473250b379f04b1bd3c4c5ff825e2327202/pyyaml-6.0.3-cp312-cp312-win32.whl", hash = "sha256:96b533f0e99f6579b3d4d4995707cf36df9100d67e0c8303a0c55b27b5f99bc5", size = 137658, upload-time = "2025-09-25T21:32:20.209Z" },
    { url = "https://files.pythonhosted.org/packages/86/bf/899e81e4cce32febab4fb42bb97dcdf66bc135272882d1987881a4b519e9/pyyaml-6.0.3-cp312-cp312-win_amd64.whl", hash = "sha256:5fcd34e47f6e0b794d17de1b4ff496c00986e1c83f7ab2fb8fcfe9616ff7477b", size = 154003, upload-time = "2025-09-25T21:32:21.167Z" },
    { url = "https://files.pythonhosted.org/packages/1a/08/67bd04656199bbb51dbed1439b7f27601dfb576fb864099c7ef0c3e55531/pyyaml-6.0.3-cp312-cp312-win_arm64.whl", hash = "sha256:64386e5e707d03a7e172c0701abfb7e10f0fb753ee1d773128192742712a98fd", size = 140344, upload-time = "2025-09-25T21:32:22.617Z" },
]

[[package]]
name = "trimesh"
version = "4.12.2"
source = { registry = "https://pypi.org/simple" }
dependencies = [
    { name = "numpy" },
]
sdist = { url = "https://files.pythonhosted.org/packages/79/37/5cb90f04990260d2caceb6093560c6cefafca1ec522c1e43be01ca658244/trimesh-4.12.2.tar.gz", hash = "sha256:c8ca31571ac00b112e4e160e66a2d4c3491df321f056bd33806be0485d1af9d9", size = 842220, upload-time = "2026-05-01T00:57:43.333Z" }
wheels = [
    { url = "https://files.pythonhosted.org/packages/05/98/716a473cfb24750858ddd5d14e6527539dd206583a46408d08eeb2844a75/trimesh-4.12.2-py3-none-any.whl", hash = "sha256:b5b5afa63c5272345f2858f7676bc8c217dc8a89f4fadf6193fe10a81b5ff2aa", size = 741043, upload-time = "2026-05-01T00:57:40.763Z" },
]

[[package]]
name = "typing-extensions"
version = "4.16.0"
source = { registry = "https://pypi.org/simple" }
sdist = { url = "https://files.pythonhosted.org/packages/f6/cc/6253133b5bb138fc3306cebfbda2c520f545d36b5be2c7255cc528bb45d6/typing_extensions-4.16.0.tar.gz", hash = "sha256:dc983d19a509c94dba722ee6abd33940f7c05a89e243c47e907eb4db6f1a43e5", size = 113555, upload-time = "2026-07-02T08:40:05.92Z" }
wheels = [
    { url = "https://files.pythonhosted.org/packages/49/d3/b8441a820a491ddfc024b0b0cf0393375b75ea13866d9c66727e54c2fc80/typing_extensions-4.16.0-py3-none-any.whl", hash = "sha256:481caa481374e813c1b176ada14e97f1f67a4539ce9cfeb3f350d78d6370c2e8", size = 45571, upload-time = "2026-07-02T08:40:04.659Z" },
]

[[package]]
name = "usd-core"
version = "26.3"
source = { registry = "https://pypi.org/simple" }
wheels = [
    { url = "https://files.pythonhosted.org/packages/a9/aa/817cb9873b10cc21d3666499823cee008fb62c0b832ae13ba4c771ddd758/usd_core-26.3-cp312-none-macosx_10_15_universal2.whl", hash = "sha256:23864f61b7ec9cc4ed04cc46c006190d6930f3663d6e324bd0b8b5ca85bdcc22", size = 39402081, upload-time = "2026-02-24T23:05:51.935Z" },
    { url = "https://files.pythonhosted.org/packages/e1/90/bc0310887ce7d2d821a672ecaabb85f9c453c0f2dd180a9c27b6d4bdf963/usd_core-26.3-cp312-none-manylinux_2_27_x86_64.manylinux_2_28_x86_64.whl", hash = "sha256:132433bb28f47f29907a41a90d36a3a7126189885088dd87d72dde9649991efa", size = 28468800, upload-time = "2026-02-24T23:05:54.731Z" },
    { url = "https://files.pythonhosted.org/packages/34/21/e2a51a872dbf9af30dfd1a023f764c2171a453ce7327b966344b76d764ca/usd_core-26.3-cp312-none-win_amd64.whl", hash = "sha256:c436aef60e9e60e391dcd93f94565dda81137c6c91330aabed26653106cf0a35", size = 13396142, upload-time = "2026-02-24T23:05:57.545Z" },
]

[[package]]
name = "warp-lang"
version = "1.15.0"
source = { registry = "https://pypi.org/simple" }
dependencies = [
    { name = "numpy" },
]
wheels = [
    { url = "https://files.pythonhosted.org/packages/ce/a2/712bcea055b80135e20a7a142f5dc1fa617bf3b5557dd4cc3afcc1048ab4/warp_lang-1.15.0-py3-none-macosx_11_0_arm64.whl", hash = "sha256:ee06e2e76bff84088a09e64315e71ed0e55e94c936ec664d7b05ebd56f66a363", size = 25048790, upload-time = "2026-07-07T22:26:18.532Z" },
    { url = "https://files.pythonhosted.org/packages/a8/ba/36023c3161c45f1c509c20c501b17980705fdd3b6c20b7ee9267f50f44a2/warp_lang-1.15.0-py3-none-manylinux_2_28_x86_64.whl", hash = "sha256:95c169f28bd7d6c78ac4ad62e2df1e61a096033748f757157fa4551aed80d010", size = 166711381, upload-time = "2026-07-07T22:26:56.524Z" },
    { url = "https://files.pythonhosted.org/packages/04/24/2c06013209ad4edb1f9e52692d43738b4945fceaa6acc30f34e2d25fc087/warp_lang-1.15.0-py3-none-manylinux_2_34_aarch64.whl", hash = "sha256:3c0711b39ad98ff924d29654b028ec4eaa02330e207ae3efc72445e9cde05b34", size = 171756145, upload-time = "2026-07-07T22:28:07.427Z" },
    { url = "https://files.pythonhosted.org/packages/c5/00/4de2563f88c882e6621349654cee770ce5ae86c8113b63c09bd8aa3e5274/warp_lang-1.15.0-py3-none-win_amd64.whl", hash = "sha256:06ef42c3ce522749268056653ea253645eb4a96ca164af74ae5113f0d55a6970", size = 149948459, upload-time = "2026-07-07T22:28:32.767Z" },
]

[[package]]
name = "zipp"
version = "4.1.0"
source = { registry = "https://pypi.org/simple" }
sdist = { url = "https://files.pythonhosted.org/packages/b9/d8/eab98a517c14134c0b2eb4e2387bc5f457334293ec5d2dd3857ec2966802/zipp-4.1.0.tar.gz", hash = "sha256:4cb57381f544315db7688e976e922a2b18cdb513d21cc194eb42232ba2a3e602", size = 26214, upload-time = "2026-05-18T20:08:57.967Z" }
wheels = [
    { url = "https://files.pythonhosted.org/packages/3a/13/547360d81e6d88d58492968ffda9f9542854f11310ee556fef14260cc886/zipp-4.1.0-py3-none-any.whl", hash = "sha256:25ad4e16390cd314347dd8f1de67a2ac538ae658ed4ab9db16029c07c188e97f", size = 10238, upload-time = "2026-05-18T20:08:57.045Z" },
]
